
Microsoft Visual Studio Solution File, Format Version 12.00
# Visual Studio 15
VisualStudioVersion = 15.0.27703.2026
MinimumVisualStudioVersion = 10.0.40219.1
Project("{9A19103F-16F7-4668-BE54-9A1E7A4F7556}") = "SortingHat.API", "SortingHat.API\SortingHat.API.csproj", "{1D2BC864-8B8E-4963-B82A-75AD562684DC}"
EndProject
Project("{9A19103F-16F7-4668-BE54-9A1E7A4F7556}") = "SortingHat.CLI", "SortingHat.Console\SortingHat.CLI.csproj", "{0B02AB84-D163-4177-922F-183CD4B68843}"
EndProject
Project("{9A19103F-16F7-4668-BE54-9A1E7A4F7556}") = "SortingHat.Test", "SortingHat.Test\SortingHat.Test.csproj", "{F4216D64-CF15-4EA3-9F17-49496FD299C3}"
EndProject
Project("{FAE04EC0-301F-11D3-BF4B-00C04F79EFBC}") = "SortingHat.UI", "SortingHat.UI\SortingHat.UI.csproj", "{8428DC74-8DEC-4D9E-8B24-40474A375040}"
EndProject
Project("{9A19103F-16F7-4668-BE54-9A1E7A4F7556}") = "SortingHat.DB", "SortingHat.DB\SortingHat.DB.csproj", "{3D173578-8D94-4ACE-BE98-E2F235164604}"
EndProject
Project("{9A19103F-16F7-4668-BE54-9A1E7A4F7556}") = "SortingHat.Plugin.Exif", "SortingHat.Plugin.Exif\SortingHat.Plugin.Exif.csproj", "{5FB6982A-D25B-46E3-8E00-C48FCA7E4C87}"
EndProject
Project("{930C7802-8A8C-48F9-8165-68863BCCD9DD}") = "SortingHat.Setup", "SortingHat.Setup\SortingHat.Setup.wixproj", "{0869C0DC-A177-42ED-A25E-8A7FC8CB4045}"
EndProject
Global
	GlobalSection(SolutionConfigurationPlatforms) = preSolution
		Debug|Any CPU = Debug|Any CPU
		Release|Any CPU = Release|Any CPU
	EndGlobalSection
	GlobalSection(ProjectConfigurationPlatforms) = postSolution
		{1D2BC864-8B8E-4963-B82A-75AD562684DC}.Debug|Any CPU.ActiveCfg = Debug|Any CPU
		{1D2BC864-8B8E-4963-B82A-75AD562684DC}.Debug|Any CPU.Build.0 = Debug|Any CPU
		{1D2BC864-8B8E-4963-B82A-75AD562684DC}.Release|Any CPU.ActiveCfg = Release|Any CPU
		{1D2BC864-8B8E-4963-B82A-75AD562684DC}.Release|Any CPU.Build.0 = Release|Any CPU
		{0B02AB84-D163-4177-922F-183CD4B68843}.Debug|Any CPU.ActiveCfg = Debug|Any CPU
		{0B02AB84-D163-4177-922F-183CD4B68843}.Debug|Any CPU.Build.0 = Debug|Any CPU
		{0B02AB84-D163-4177-922F-183CD4B68843}.Release|Any CPU.ActiveCfg = Release|Any CPU
		{0B02AB84-D163-4177-922F-183CD4B68843}.Release|Any CPU.Build.0 = Release|Any CPU
		{F4216D64-CF15-4EA3-9F17-49496FD299C3}.Debug|Any CPU.ActiveCfg = Debug|Any CPU
		{F4216D64-CF15-4EA3-9F17-49496FD299C3}.Debug|Any CPU.Build.0 = Debug|Any CPU
		{F4216D64-CF15-4EA3-9F17-49496FD299C3}.Release|Any CPU.ActiveCfg = Release|Any CPU
		{F4216D64-CF15-4EA3-9F17-49496FD299C3}.Release|Any CPU.Build.0 = Release|Any CPU
		{8428DC74-8DEC-4D9E-8B24-40474A375040}.Debug|Any CPU.ActiveCfg = Debug|Any CPU
		{8428DC74-8DEC-4D9E-8B24-40474A375040}.Debug|Any CPU.Build.0 = Debug|Any CPU
		{8428DC74-8DEC-4D9E-8B24-40474A375040}.Release|Any CPU.ActiveCfg = Release|Any CPU
		{8428DC74-8DEC-4D9E-8B24-40474A375040}.Release|Any CPU.Build.0 = Release|Any CPU
		{3D173578-8D94-4ACE-BE98-E2F235164604}.Debug|Any CPU.ActiveCfg = Debug|Any CPU
		{3D173578-8D94-4ACE-BE98-E2F235164604}.Debug|Any CPU.Build.0 = Debug|Any CPU
		{3D173578-8D94-4ACE-BE98-E2F235164604}.Release|Any CPU.ActiveCfg = Release|Any CPU
		{3D173578-8D94-4ACE-BE98-E2F235164604}.Release|Any CPU.Build.0 = Release|Any CPU
		{5FB6982A-D25B-46E3-8E00-C48FCA7E4C87}.Debug|Any CPU.ActiveCfg = Debug|Any CPU
		{5FB6982A-D25B-46E3-8E00-C48FCA7E4C87}.Debug|Any CPU.Build.0 = Debug|Any CPU
		{5FB6982A-D25B-46E3-8E00-C48FCA7E4C87}.Release|Any CPU.ActiveCfg = Release|Any CPU
		{5FB6982A-D25B-46E3-8E00-C48FCA7E4C87}.Release|Any CPU.Build.0 = Release|Any CPU
		{0869C0DC-A177-42ED-A25E-8A7FC8CB4045}.Debug|Any CPU.ActiveCfg = Debug|x86
		{0869C0DC-A177-42ED-A25E-8A7FC8CB4045}.Release|Any CPU.ActiveCfg = Release|x86
	EndGlobalSection
	GlobalSection(SolutionProperties) = preSolution
		HideSolutionNode = FALSE
	EndGlobalSection
	GlobalSection(ExtensibilityGlobals) = postSolution
		SolutionGuid = {2C287C78-65EA-44CF-9028-A0A78E38A5F2}
	EndGlobalSection
EndGlobal
